
Microsoft Visual Studio Solution File, Format Version 12.00
# Visual Studio Version 17
VisualStudioVersion = 17.9.34728.123
MinimumVisualStudioVersion = 10.0.40219.1
Project("{FAE04EC0-301F-11D3-BF4B-00C04F79EFBC}") = "Complementario52429841", "Complementario52429841\Complementario52429841.csproj", "{6A18E921-425C-416A-ABB5-249E779BBBC0}"
EndProject
Global
	GlobalSection(SolutionConfigurationPlatforms) = preSolution
		Debug|Any CPU = Debug|Any CPU
		Release|Any CPU = Release|Any CPU
	EndGlobalSection
	GlobalSection(ProjectConfigurationPlatforms) = postSolution
		{6A18E921-425C-416A-ABB5-249E779BBBC0}.Debug|Any CPU.ActiveCfg = Debug|Any CPU
		{6A18E921-425C-416A-ABB5-249E779BBBC0}.Debug|Any CPU.Build.0 = Debug|Any CPU
		{6A18E921-425C-416A-ABB5-249E779BBBC0}.Debug|Any CPU.Deploy.0 = Debug|Any CPU
		{6A18E921-425C-416A-ABB5-249E779BBBC0}.Release|Any CPU.ActiveCfg = Release|Any CPU
		{6A18E921-425C-416A-ABB5-249E779BBBC0}.Release|Any CPU.Build.0 = Release|Any CPU
		{6A18E921-425C-416A-ABB5-249E779BBBC0}.Release|Any CPU.Deploy.0 = Release|Any CPU
	EndGlobalSection
	GlobalSection(SolutionProperties) = preSolution
		HideSolutionNode = FALSE
	EndGlobalSection
	GlobalSection(ExtensibilityGlobals) = postSolution
		SolutionGuid = {68D47DAE-7710-4B65-9528-62B3A79BE031}
	EndGlobalSection
EndGlobal
